
Microsoft Visual Studio Solution File, Format Version 12.00
# Visual Studio 14
VisualStudioVersion = 14.0.25420.1
MinimumVisualStudioVersion = 10.0.40219.1
Project("{FAE04EC0-301F-11D3-BF4B-00C04F79EFBC}") = "TherapyAssist", "TherapyAssist\TherapyAssist.csproj", "{AA8C1752-B6F2-46B4-A4B7-429F4323D3F7}"
EndProject
Project("{FAE04EC0-301F-11D3-BF4B-00C04F79EFBC}") = "TherapyAssist.Tests", "TherapyAssist.Tests\TherapyAssist.Tests.csproj", "{56311BF1-DC2F-424C-8EEB-F002311FD684}"
EndProject
Global
	GlobalSection(SolutionConfigurationPlatforms) = preSolution
		Debug|Any CPU = Debug|Any CPU
		Release|Any CPU = Release|Any CPU
	EndGlobalSection
	GlobalSection(ProjectConfigurationPlatforms) = postSolution
		{AA8C1752-B6F2-46B4-A4B7-429F4323D3F7}.Debug|Any CPU.ActiveCfg = Debug|Any CPU
		{AA8C1752-B6F2-46B4-A4B7-429F4323D3F7}.Debug|Any CPU.Build.0 = Debug|Any CPU
		{AA8C1752-B6F2-46B4-A4B7-429F4323D3F7}.Release|Any CPU.ActiveCfg = Release|Any CPU
		{AA8C1752-B6F2-46B4-A4B7-429F4323D3F7}.Release|Any CPU.Build.0 = Release|Any CPU
		{56311BF1-DC2F-424C-8EEB-F002311FD684}.Debug|Any CPU.ActiveCfg = Debug|Any CPU
		{56311BF1-DC2F-424C-8EEB-F002311FD684}.Debug|Any CPU.Build.0 = Debug|Any CPU
		{56311BF1-DC2F-424C-8EEB-F002311FD684}.Release|Any CPU.ActiveCfg = Release|Any CPU
		{56311BF1-DC2F-424C-8EEB-F002311FD684}.Release|Any CPU.Build.0 = Release|Any CPU
	EndGlobalSection
	GlobalSection(SolutionProperties) = preSolution
		HideSolutionNode = FALSE
	EndGlobalSection
EndGlobal
